// !$*UTF8*$!
{
	archiveVersion = 1;
	classes = {
	};
	objectVersion = 46;
	objects = {

/* Begin PBXBuildFile section */
		1696D5AB6F53D65DDA33216F /* Pods_Zebra.framework in Frameworks */ = {isa = PBXBuildFile; fileRef = 6AB1F8668DB3BF429E718E37 /* Pods_Zebra.framework */; };
		23F70ADE1E5BD4180040AB43 /* CreateEventViewController.swift in Sources */ = {isa = PBXBuildFile; fileRef = 23F70ADD1E5BD4180040AB43 /* CreateEventViewController.swift */; };
		9117EC091E48F04C0009A3B2 /* AppDelegate.swift in Sources */ = {isa = PBXBuildFile; fileRef = 9117EC081E48F04C0009A3B2 /* AppDelegate.swift */; };
		9117EC0E1E48F04D0009A3B2 /* Main.storyboard in Resources */ = {isa = PBXBuildFile; fileRef = 9117EC0C1E48F04D0009A3B2 /* Main.storyboard */; };
		9117EC101E48F04D0009A3B2 /* Assets.xcassets in Resources */ = {isa = PBXBuildFile; fileRef = 9117EC0F1E48F04D0009A3B2 /* Assets.xcassets */; };
		9117EC131E48F04D0009A3B2 /* LaunchScreen.storyboard in Resources */ = {isa = PBXBuildFile; fileRef = 9117EC111E48F04D0009A3B2 /* LaunchScreen.storyboard */; };
		9131FC091E638B6F00234B4C /* PeopleTableViewCell.swift in Sources */ = {isa = PBXBuildFile; fileRef = 9131FC081E638B6F00234B4C /* PeopleTableViewCell.swift */; };
		9131FC0B1E638B8100234B4C /* PeopleTableViewController.swift in Sources */ = {isa = PBXBuildFile; fileRef = 9131FC0A1E638B8100234B4C /* PeopleTableViewController.swift */; };
		9131FC0D1E6393B500234B4C /* PersonViewController.swift in Sources */ = {isa = PBXBuildFile; fileRef = 9131FC0C1E6393B500234B4C /* PersonViewController.swift */; };
		9131FC0F1E67851100234B4C /* MapViewController.swift in Sources */ = {isa = PBXBuildFile; fileRef = 9131FC0E1E67851100234B4C /* MapViewController.swift */; };
		9131FC131E67883C00234B4C /* EventAnnotation.swift in Sources */ = {isa = PBXBuildFile; fileRef = 9131FC121E67883C00234B4C /* EventAnnotation.swift */; };
		91839F7A1E8053D4007634B5 /* EventDetailViewController.swift in Sources */ = {isa = PBXBuildFile; fileRef = 91839F791E8053D4007634B5 /* EventDetailViewController.swift */; };
		9199AC471E8061B5004E3566 /* MyEventsTableViewController.swift in Sources */ = {isa = PBXBuildFile; fileRef = 9199AC461E8061B5004E3566 /* MyEventsTableViewController.swift */; };
		9199AC4A1E80BE7F004E3566 /* OrganizationsTableViewController.swift in Sources */ = {isa = PBXBuildFile; fileRef = 9199AC491E80BE7F004E3566 /* OrganizationsTableViewController.swift */; };
		9199AC4E1E80BEA3004E3566 /* OrganizationTableViewCell.swift in Sources */ = {isa = PBXBuildFile; fileRef = 9199AC4D1E80BEA3004E3566 /* OrganizationTableViewCell.swift */; };
		9199AC501E80BEB4004E3566 /* OrganizationDetailViewController.swift in Sources */ = {isa = PBXBuildFile; fileRef = 9199AC4F1E80BEB4004E3566 /* OrganizationDetailViewController.swift */; };
		919BE6E61E492D4100660461 /* Database.swift in Sources */ = {isa = PBXBuildFile; fileRef = 919BE6E51E492D4100660461 /* Database.swift */; };
		919BE6E81E492D9700660461 /* GoogleService-Info.plist in Resources */ = {isa = PBXBuildFile; fileRef = 919BE6E71E492D9700660461 /* GoogleService-Info.plist */; };
		919BE6EA1E49326800660461 /* LoginViewController.swift in Sources */ = {isa = PBXBuildFile; fileRef = 919BE6E91E49326800660461 /* LoginViewController.swift */; };
		919BE6EC1E49336700660461 /* HomeTabBarController.swift in Sources */ = {isa = PBXBuildFile; fileRef = 919BE6EB1E49336700660461 /* HomeTabBarController.swift */; };
		919BE6EE1E49447900660461 /* SignUpViewController.swift in Sources */ = {isa = PBXBuildFile; fileRef = 919BE6ED1E49447900660461 /* SignUpViewController.swift */; };
		919BE6F01E49448600660461 /* SignUpDetailsViewController.swift in Sources */ = {isa = PBXBuildFile; fileRef = 919BE6EF1E49448600660461 /* SignUpDetailsViewController.swift */; };
		919BE6F21E49450F00660461 /* Profile.swift in Sources */ = {isa = PBXBuildFile; fileRef = 919BE6F11E49450F00660461 /* Profile.swift */; };
		91A017801E5A5BAA00F08E58 /* HomeViewController.swift in Sources */ = {isa = PBXBuildFile; fileRef = 91A0177F1E5A5BAA00F08E58 /* HomeViewController.swift */; };
		91A017841E5A5D4400F08E58 /* SettingsViewController.swift in Sources */ = {isa = PBXBuildFile; fileRef = 91A017831E5A5D4400F08E58 /* SettingsViewController.swift */; };
		91D330911E5BA3D400F3F7A5 /* Location.swift in Sources */ = {isa = PBXBuildFile; fileRef = 91D330901E5BA3D400F3F7A5 /* Location.swift */; };
		91D330931E5BA4A200F3F7A5 /* Organization.swift in Sources */ = {isa = PBXBuildFile; fileRef = 91D330921E5BA4A200F3F7A5 /* Organization.swift */; };
		91E214431E6D202F00A3A731 /* EventsTableViewController.swift in Sources */ = {isa = PBXBuildFile; fileRef = 91E214421E6D202F00A3A731 /* EventsTableViewController.swift */; };
		91E214451E6D203E00A3A731 /* EventTableViewCell.swift in Sources */ = {isa = PBXBuildFile; fileRef = 91E214441E6D203E00A3A731 /* EventTableViewCell.swift */; };
		91E214471E6D20EA00A3A731 /* Event.swift in Sources */ = {isa = PBXBuildFile; fileRef = 91E214461E6D20EA00A3A731 /* Event.swift */; };
/* End PBXBuildFile section */

/* Begin PBXFileReference section */
		23F70ADD1E5BD4180040AB43 /* CreateEventViewController.swift */ = {isa = PBXFileReference; fileEncoding = 4; lastKnownFileType = sourcecode.swift; path = CreateEventViewController.swift; sourceTree = "<group>"; };
		4C7811A298BD8BE78FD2206B /* Pods-Zebra.debug.xcconfig */ = {isa = PBXFileReference; includeInIndex = 1; lastKnownFileType = text.xcconfig; name = "Pods-Zebra.debug.xcconfig"; path = "Pods/Target Support Files/Pods-Zebra/Pods-Zebra.debug.xcconfig"; sourceTree = "<group>"; };
		6AB1F8668DB3BF429E718E37 /* Pods_Zebra.framework */ = {isa = PBXFileReference; explicitFileType = wrapper.framework; includeInIndex = 0; path = Pods_Zebra.framework; sourceTree = BUILT_PRODUCTS_DIR; };
		8B3DF8029B654086ECC82AC1 /* Pods-Zebra.release.xcconfig */ = {isa = PBXFileReference; includeInIndex = 1; lastKnownFileType = text.xcconfig; name = "Pods-Zebra.release.xcconfig"; path = "Pods/Target Support Files/Pods-Zebra/Pods-Zebra.release.xcconfig"; sourceTree = "<group>"; };
		9117EC051E48F04C0009A3B2 /* Zebra.app */ = {isa = PBXFileReference; explicitFileType = wrapper.application; includeInIndex = 0; path = Zebra.app; sourceTree = BUILT_PRODUCTS_DIR; };
		9117EC081E48F04C0009A3B2 /* AppDelegate.swift */ = {isa = PBXFileReference; lastKnownFileType = sourcecode.swift; path = AppDelegate.swift; sourceTree = "<group>"; };
		9117EC0D1E48F04D0009A3B2 /* Base */ = {isa = PBXFileReference; lastKnownFileType = file.storyboard; name = Base; path = Base.lproj/Main.storyboard; sourceTree = "<group>"; };
		9117EC0F1E48F04D0009A3B2 /* Assets.xcassets */ = {isa = PBXFileReference; lastKnownFileType = folder.assetcatalog; path = Assets.xcassets; sourceTree = "<group>"; };
		9117EC121E48F04D0009A3B2 /* Base */ = {isa = PBXFileReference; lastKnownFileType = file.storyboard; name = Base; path = Base.lproj/LaunchScreen.storyboard; sourceTree = "<group>"; };
		9117EC141E48F04D0009A3B2 /* Info.plist */ = {isa = PBXFileReference; lastKnownFileType = text.plist.xml; path = Info.plist; sourceTree = "<group>"; };
		9131FC081E638B6F00234B4C /* PeopleTableViewCell.swift */ = {isa = PBXFileReference; fileEncoding = 4; lastKnownFileType = sourcecode.swift; path = PeopleTableViewCell.swift; sourceTree = "<group>"; };
		9131FC0A1E638B8100234B4C /* PeopleTableViewController.swift */ = {isa = PBXFileReference; fileEncoding = 4; lastKnownFileType = sourcecode.swift; path = PeopleTableViewController.swift; sourceTree = "<group>"; };
		9131FC0C1E6393B500234B4C /* PersonViewController.swift */ = {isa = PBXFileReference; fileEncoding = 4; lastKnownFileType = sourcecode.swift; path = PersonViewController.swift; sourceTree = "<group>"; };
		9131FC0E1E67851100234B4C /* MapViewController.swift */ = {isa = PBXFileReference; fileEncoding = 4; lastKnownFileType = sourcecode.swift; path = MapViewController.swift; sourceTree = "<group>"; };
		9131FC121E67883C00234B4C /* EventAnnotation.swift */ = {isa = PBXFileReference; fileEncoding = 4; lastKnownFileType = sourcecode.swift; path = EventAnnotation.swift; sourceTree = "<group>"; };
		91839F791E8053D4007634B5 /* EventDetailViewController.swift */ = {isa = PBXFileReference; fileEncoding = 4; lastKnownFileType = sourcecode.swift; path = EventDetailViewController.swift; sourceTree = "<group>"; };
		9199AC461E8061B5004E3566 /* MyEventsTableViewController.swift */ = {isa = PBXFileReference; fileEncoding = 4; lastKnownFileType = sourcecode.swift; path = MyEventsTableViewController.swift; sourceTree = "<group>"; };
		9199AC491E80BE7F004E3566 /* OrganizationsTableViewController.swift */ = {isa = PBXFileReference; fileEncoding = 4; lastKnownFileType = sourcecode.swift; path = OrganizationsTableViewController.swift; sourceTree = "<group>"; };
		9199AC4D1E80BEA3004E3566 /* OrganizationTableViewCell.swift */ = {isa = PBXFileReference; fileEncoding = 4; lastKnownFileType = sourcecode.swift; path = OrganizationTableViewCell.swift; sourceTree = "<group>"; };
		9199AC4F1E80BEB4004E3566 /* OrganizationDetailViewController.swift */ = {isa = PBXFileReference; fileEncoding = 4; lastKnownFileType = sourcecode.swift; path = OrganizationDetailViewController.swift; sourceTree = "<group>"; };
		919BE6E51E492D4100660461 /* Database.swift */ = {isa = PBXFileReference; fileEncoding = 4; lastKnownFileType = sourcecode.swift; path = Database.swift; sourceTree = "<group>"; };
		919BE6E71E492D9700660461 /* GoogleService-Info.plist */ = {isa = PBXFileReference; fileEncoding = 4; lastKnownFileType = text.plist.xml; path = "GoogleService-Info.plist"; sourceTree = "<group>"; };
		919BE6E91E49326800660461 /* LoginViewController.swift */ = {isa = PBXFileReference; fileEncoding = 4; lastKnownFileType = sourcecode.swift; path = LoginViewController.swift; sourceTree = "<group>"; };
		919BE6EB1E49336700660461 /* HomeTabBarController.swift */ = {isa = PBXFileReference; fileEncoding = 4; lastKnownFileType = sourcecode.swift; path = HomeTabBarController.swift; sourceTree = "<group>"; };
		919BE6ED1E49447900660461 /* SignUpViewController.swift */ = {isa = PBXFileReference; fileEncoding = 4; lastKnownFileType = sourcecode.swift; path = SignUpViewController.swift; sourceTree = "<group>"; };
		919BE6EF1E49448600660461 /* SignUpDetailsViewController.swift */ = {isa = PBXFileReference; fileEncoding = 4; lastKnownFileType = sourcecode.swift; path = SignUpDetailsViewController.swift; sourceTree = "<group>"; };
		919BE6F11E49450F00660461 /* Profile.swift */ = {isa = PBXFileReference; fileEncoding = 4; lastKnownFileType = sourcecode.swift; path = Profile.swift; sourceTree = "<group>"; };
		91A0177F1E5A5BAA00F08E58 /* HomeViewController.swift */ = {isa = PBXFileReference; fileEncoding = 4; lastKnownFileType = sourcecode.swift; path = HomeViewController.swift; sourceTree = "<group>"; };
		91A017831E5A5D4400F08E58 /* SettingsViewController.swift */ = {isa = PBXFileReference; fileEncoding = 4; lastKnownFileType = sourcecode.swift; path = SettingsViewController.swift; sourceTree = "<group>"; };
		91D330901E5BA3D400F3F7A5 /* Location.swift */ = {isa = PBXFileReference; fileEncoding = 4; lastKnownFileType = sourcecode.swift; path = Location.swift; sourceTree = "<group>"; };
		91D330921E5BA4A200F3F7A5 /* Organization.swift */ = {isa = PBXFileReference; fileEncoding = 4; lastKnownFileType = sourcecode.swift; path = Organization.swift; sourceTree = "<group>"; };
		91E214421E6D202F00A3A731 /* EventsTableViewController.swift */ = {isa = PBXFileReference; fileEncoding = 4; lastKnownFileType = sourcecode.swift; path = EventsTableViewController.swift; sourceTree = "<group>"; };
		91E214441E6D203E00A3A731 /* EventTableViewCell.swift */ = {isa = PBXFileReference; fileEncoding = 4; lastKnownFileType = sourcecode.swift; path = EventTableViewCell.swift; sourceTree = "<group>"; };
		91E214461E6D20EA00A3A731 /* Event.swift */ = {isa = PBXFileReference; fileEncoding = 4; lastKnownFileType = sourcecode.swift; path = Event.swift; sourceTree = "<group>"; };
/* End PBXFileReference section */

/* Begin PBXFrameworksBuildPhase section */
		9117EC021E48F04C0009A3B2 /* Frameworks */ = {
			isa = PBXFrameworksBuildPhase;
			buildActionMask = 2147483647;
			files = (
				1696D5AB6F53D65DDA33216F /* Pods_Zebra.framework in Frameworks */,
			);
			runOnlyForDeploymentPostprocessing = 0;
		};
/* End PBXFrameworksBuildPhase section */

/* Begin PBXGroup section */
		23F70ADF1E5BD4260040AB43 /* Event */ = {
			isa = PBXGroup;
			children = (
				23F70ADD1E5BD4180040AB43 /* CreateEventViewController.swift */,
				91E214421E6D202F00A3A731 /* EventsTableViewController.swift */,
				9199AC461E8061B5004E3566 /* MyEventsTableViewController.swift */,
				91E214441E6D203E00A3A731 /* EventTableViewCell.swift */,
				91839F791E8053D4007634B5 /* EventDetailViewController.swift */,
			);
			name = Event;
			sourceTree = "<group>";
		};
		9117EBFC1E48F04C0009A3B2 = {
			isa = PBXGroup;
			children = (
				9117EC071E48F04C0009A3B2 /* Zebra */,
				9117EC061E48F04C0009A3B2 /* Products */,
				BB62440887472CA142CC9A92 /* Pods */,
				DC59938D0C8240C5A6E9C80A /* Frameworks */,
			);
			sourceTree = "<group>";
		};
		9117EC061E48F04C0009A3B2 /* Products */ = {
			isa = PBXGroup;
			children = (
				9117EC051E48F04C0009A3B2 /* Zebra.app */,
			);
			name = Products;
			sourceTree = "<group>";
		};
		9117EC071E48F04C0009A3B2 /* Zebra */ = {
			isa = PBXGroup;
			children = (
				919BE6E21E492CFF00660461 /* ViewControllers */,
				919BE6E31E492D0800660461 /* Views */,
				9131FC111E67881F00234B4C /* Map Annotations */,
				919BE6E11E492CF800660461 /* Models */,
				9117EC0F1E48F04D0009A3B2 /* Assets.xcassets */,
				919BE6E41E492D1A00660461 /* Misc */,
			);
			path = Zebra;
			sourceTree = "<group>";
		};
		9131FC071E638A4400234B4C /* People */ = {
			isa = PBXGroup;
			children = (
				9131FC081E638B6F00234B4C /* PeopleTableViewCell.swift */,
				9131FC0A1E638B8100234B4C /* PeopleTableViewController.swift */,
				9131FC0C1E6393B500234B4C /* PersonViewController.swift */,
			);
			name = People;
			sourceTree = "<group>";
		};
		9131FC101E67851600234B4C /* Map */ = {
			isa = PBXGroup;
			children = (
				9131FC0E1E67851100234B4C /* MapViewController.swift */,
			);
			name = Map;
			sourceTree = "<group>";
		};
		9131FC111E67881F00234B4C /* Map Annotations */ = {
			isa = PBXGroup;
			children = (
				9131FC121E67883C00234B4C /* EventAnnotation.swift */,
			);
			name = "Map Annotations";
			sourceTree = "<group>";
		};
		9199AC481E80BE5C004E3566 /* Organizations */ = {
			isa = PBXGroup;
			children = (
				9199AC491E80BE7F004E3566 /* OrganizationsTableViewController.swift */,
				9199AC4D1E80BEA3004E3566 /* OrganizationTableViewCell.swift */,
				9199AC4F1E80BEB4004E3566 /* OrganizationDetailViewController.swift */,
			);
			name = Organizations;
			sourceTree = "<group>";
		};
		919BE6E11E492CF800660461 /* Models */ = {
			isa = PBXGroup;
			children = (
				919BE6E51E492D4100660461 /* Database.swift */,
				91D330901E5BA3D400F3F7A5 /* Location.swift */,
				91E214461E6D20EA00A3A731 /* Event.swift */,
				919BE6F11E49450F00660461 /* Profile.swift */,
				91D330921E5BA4A200F3F7A5 /* Organization.swift */,
			);
			name = Models;
			sourceTree = "<group>";
		};
		919BE6E21E492CFF00660461 /* ViewControllers */ = {
			isa = PBXGroup;
			children = (
				9131FC101E67851600234B4C /* Map */,
				9199AC481E80BE5C004E3566 /* Organizations */,
				9131FC071E638A4400234B4C /* People */,
				23F70ADF1E5BD4260040AB43 /* Event */,
				919BE6F31E49474E00660461 /* Signup/Login */,
				919BE6EB1E49336700660461 /* HomeTabBarController.swift */,
				91A017811E5A5BB200F08E58 /* Home/Feed */,
				91A017821E5A5D3100F08E58 /* Settings */,
			);
			name = ViewControllers;
			sourceTree = "<group>";
		};
		919BE6E31E492D0800660461 /* Views */ = {
			isa = PBXGroup;
			children = (
				9117EC0C1E48F04D0009A3B2 /* Main.storyboard */,
			);
			name = Views;
			sourceTree = "<group>";
		};
		919BE6E41E492D1A00660461 /* Misc */ = {
			isa = PBXGroup;
			children = (
				9117EC081E48F04C0009A3B2 /* AppDelegate.swift */,
				9117EC111E48F04D0009A3B2 /* LaunchScreen.storyboard */,
				9117EC141E48F04D0009A3B2 /* Info.plist */,
				919BE6E71E492D9700660461 /* GoogleService-Info.plist */,
			);
			name = Misc;
			sourceTree = "<group>";
		};
		919BE6F31E49474E00660461 /* Signup/Login */ = {
			isa = PBXGroup;
			children = (
				919BE6E91E49326800660461 /* LoginViewController.swift */,
				919BE6ED1E49447900660461 /* SignUpViewController.swift */,
				919BE6EF1E49448600660461 /* SignUpDetailsViewController.swift */,
			);
			name = Signup/Login;
			sourceTree = "<group>";
		};
		91A017811E5A5BB200F08E58 /* Home/Feed */ = {
			isa = PBXGroup;
			children = (
				91A0177F1E5A5BAA00F08E58 /* HomeViewController.swift */,
			);
			name = Home/Feed;
			sourceTree = "<group>";
		};
		91A017821E5A5D3100F08E58 /* Settings */ = {
			isa = PBXGroup;
			children = (
				91A017831E5A5D4400F08E58 /* SettingsViewController.swift */,
			);
			name = Settings;
			sourceTree = "<group>";
		};
		BB62440887472CA142CC9A92 /* Pods */ = {
			isa = PBXGroup;
			children = (
				4C7811A298BD8BE78FD2206B /* Pods-Zebra.debug.xcconfig */,
				8B3DF8029B654086ECC82AC1 /* Pods-Zebra.release.xcconfig */,
			);
			name = Pods;
			sourceTree = "<group>";
		};
		DC59938D0C8240C5A6E9C80A /* Frameworks */ = {
			isa = PBXGroup;
			children = (
				6AB1F8668DB3BF429E718E37 /* Pods_Zebra.framework */,
			);
			name = Frameworks;
			sourceTree = "<group>";
		};
/* End PBXGroup section */

/* Begin PBXNativeTarget section */
		9117EC041E48F04C0009A3B2 /* Zebra */ = {
			isa = PBXNativeTarget;
			buildConfigurationList = 9117EC171E48F04D0009A3B2 /* Build configuration list for PBXNativeTarget "Zebra" */;
			buildPhases = (
				9F6118D6ADBBA7BBF1064159 /* [CP] Check Pods Manifest.lock */,
				9117EC011E48F04C0009A3B2 /* Sources */,
				9117EC021E48F04C0009A3B2 /* Frameworks */,
				9117EC031E48F04C0009A3B2 /* Resources */,
				560F3700449E604923DFE9F6 /* [CP] Embed Pods Frameworks */,
				432147FE34C5579EC3AA5D25 /* [CP] Copy Pods Resources */,
			);
			buildRules = (
			);
			dependencies = (
			);
			name = Zebra;
			productName = Zebra;
			productReference = 9117EC051E48F04C0009A3B2 /* Zebra.app */;
			productType = "com.apple.product-type.application";
		};
/* End PBXNativeTarget section */

/* Begin PBXProject section */
		9117EBFD1E48F04C0009A3B2 /* Project object */ = {
			isa = PBXProject;
			attributes = {
				LastSwiftUpdateCheck = 0820;
				LastUpgradeCheck = 0820;
				ORGANIZATIONNAME = coryjbara;
				TargetAttributes = {
					9117EC041E48F04C0009A3B2 = {
						CreatedOnToolsVersion = 8.2.1;
						DevelopmentTeam = 499G2MTD9Y;
						ProvisioningStyle = Automatic;
					};
				};
			};
			buildConfigurationList = 9117EC001E48F04C0009A3B2 /* Build configuration list for PBXProject "Zebra" */;
			compatibilityVersion = "Xcode 3.2";
			developmentRegion = English;
			hasScannedForEncodings = 0;
			knownRegions = (
				en,
				Base,
			);
			mainGroup = 9117EBFC1E48F04C0009A3B2;
			productRefGroup = 9117EC061E48F04C0009A3B2 /* Products */;
			projectDirPath = "";
			projectRoot = "";
			targets = (
				9117EC041E48F04C0009A3B2 /* Zebra */,
			);
		};
/* End PBXProject section */

/* Begin PBXResourcesBuildPhase section */
		9117EC031E48F04C0009A3B2 /* Resources */ = {
			isa = PBXResourcesBuildPhase;
			buildActionMask = 2147483647;
			files = (
				9117EC131E48F04D0009A3B2 /* LaunchScreen.storyboard in Resources */,
				919BE6E81E492D9700660461 /* GoogleService-Info.plist in Resources */,
				9117EC101E48F04D0009A3B2 /* Assets.xcassets in Resources */,
				9117EC0E1E48F04D0009A3B2 /* Main.storyboard in Resources */,
			);
			runOnlyForDeploymentPostprocessing = 0;
		};
/* End PBXResourcesBuildPhase section */

/* Begin PBXShellScriptBuildPhase section */
		432147FE34C5579EC3AA5D25 /* [CP] Copy Pods Resources */ = {
			isa = PBXShellScriptBuildPhase;
			buildActionMask = 2147483647;
			files = (
			);
			inputPaths = (
			);
			name = "[CP] Copy Pods Resources";
			outputPaths = (
			);
			runOnlyForDeploymentPostprocessing = 0;
			shellPath = /bin/sh;
			shellScript = "\"${SRCROOT}/Pods/Target Support Files/Pods-Zebra/Pods-Zebra-resources.sh\"\n";
			showEnvVarsInLog = 0;
		};
		560F3700449E604923DFE9F6 /* [CP] Embed Pods Frameworks */ = {
			isa = PBXShellScriptBuildPhase;
			buildActionMask = 2147483647;
			files = (
			);
			inputPaths = (
			);
			name = "[CP] Embed Pods Frameworks";
			outputPaths = (
			);
			runOnlyForDeploymentPostprocessing = 0;
			shellPath = /bin/sh;
			shellScript = "\"${SRCROOT}/Pods/Target Support Files/Pods-Zebra/Pods-Zebra-frameworks.sh\"\n";
			showEnvVarsInLog = 0;
		};
		9F6118D6ADBBA7BBF1064159 /* [CP] Check Pods Manifest.lock */ = {
			isa = PBXShellScriptBuildPhase;
			buildActionMask = 2147483647;
			files = (
			);
			inputPaths = (
			);
			name = "[CP] Check Pods Manifest.lock";
			outputPaths = (
			);
			runOnlyForDeploymentPostprocessing = 0;
			shellPath = /bin/sh;
			shellScript = "diff \"${PODS_ROOT}/../Podfile.lock\" \"${PODS_ROOT}/Manifest.lock\" > /dev/null\nif [ $? != 0 ] ; then\n    # print error to STDERR\n    echo \"error: The sandbox is not in sync with the Podfile.lock. Run 'pod install' or update your CocoaPods installation.\" >&2\n    exit 1\nfi\n";
			showEnvVarsInLog = 0;
		};
/* End PBXShellScriptBuildPhase section */

/* Begin PBXSourcesBuildPhase section */
		9117EC011E48F04C0009A3B2 /* Sources */ = {
			isa = PBXSourcesBuildPhase;
			buildActionMask = 2147483647;
			files = (
				919BE6EA1E49326800660461 /* LoginViewController.swift in Sources */,
				91D330911E5BA3D400F3F7A5 /* Location.swift in Sources */,
				919BE6E61E492D4100660461 /* Database.swift in Sources */,
				919BE6EE1E49447900660461 /* SignUpViewController.swift in Sources */,
				9131FC0B1E638B8100234B4C /* PeopleTableViewController.swift in Sources */,
				91A017841E5A5D4400F08E58 /* SettingsViewController.swift in Sources */,
				919BE6F21E49450F00660461 /* Profile.swift in Sources */,
				9131FC091E638B6F00234B4C /* PeopleTableViewCell.swift in Sources */,
				91E214451E6D203E00A3A731 /* EventTableViewCell.swift in Sources */,
				23F70ADE1E5BD4180040AB43 /* CreateEventViewController.swift in Sources */,
				91A017801E5A5BAA00F08E58 /* HomeViewController.swift in Sources */,
				9199AC4A1E80BE7F004E3566 /* OrganizationsTableViewController.swift in Sources */,
				9131FC131E67883C00234B4C /* EventAnnotation.swift in Sources */,
				91E214431E6D202F00A3A731 /* EventsTableViewController.swift in Sources */,
				9131FC0D1E6393B500234B4C /* PersonViewController.swift in Sources */,
				919BE6F01E49448600660461 /* SignUpDetailsViewController.swift in Sources */,
				919BE6EC1E49336700660461 /* HomeTabBarController.swift in Sources */,
				91D330931E5BA4A200F3F7A5 /* Organization.swift in Sources */,
				9199AC4E1E80BEA3004E3566 /* OrganizationTableViewCell.swift in Sources */,
				9117EC091E48F04C0009A3B2 /* AppDelegate.swift in Sources */,
				91E214471E6D20EA00A3A731 /* Event.swift in Sources */,
				91839F7A1E8053D4007634B5 /* EventDetailViewController.swift in Sources */,
				9199AC471E8061B5004E3566 /* MyEventsTableViewController.swift in Sources */,
				9199AC501E80BEB4004E3566 /* OrganizationDetailViewController.swift in Sources */,
				9131FC0F1E67851100234B4C /* MapViewController.swift in Sources */,
			);
			runOnlyForDeploymentPostprocessing = 0;
		};
/* End PBXSourcesBuildPhase section */

/* Begin PBXVariantGroup section */
		9117EC0C1E48F04D0009A3B2 /* Main.storyboard */ = {
			isa = PBXVariantGroup;
			children = (
				9117EC0D1E48F04D0009A3B2 /* Base */,
			);
			name = Main.storyboard;
			sourceTree = "<group>";
		};
		9117EC111E48F04D0009A3B2 /* LaunchScreen.storyboard */ = {
			isa = PBXVariantGroup;
			children = (
				9117EC121E48F04D0009A3B2 /* Base */,
			);
			name = LaunchScreen.storyboard;
			sourceTree = "<group>";
		};
/* End PBXVariantGroup section */

/* Begin XCBuildConfiguration section */
		9117EC151E48F04D0009A3B2 /* Debug */ = {
			isa = XCBuildConfiguration;
			buildSettings = {
				ALWAYS_SEARCH_USER_PATHS = NO;
				CLANG_ANALYZER_NONNULL = YES;
				CLANG_CXX_LANGUAGE_STANDARD = "gnu++0x";
				CLANG_CXX_LIBRARY = "libc++";
				CLANG_ENABLE_MODULES = YES;
				CLANG_ENABLE_OBJC_ARC = YES;
				CLANG_WARN_BOOL_CONVERSION = YES;
				CLANG_WARN_CONSTANT_CONVERSION = YES;
				CLANG_WARN_DIRECT_OBJC_ISA_USAGE = YES_ERROR;
				CLANG_WARN_DOCUMENTATION_COMMENTS = YES;
				CLANG_WARN_EMPTY_BODY = YES;
				CLANG_WARN_ENUM_CONVERSION = YES;
				CLANG_WARN_INFINITE_RECURSION = YES;
				CLANG_WARN_INT_CONVERSION = YES;
				CLANG_WARN_OBJC_ROOT_CLASS = YES_ERROR;
				CLANG_WARN_SUSPICIOUS_MOVE = YES;
				CLANG_WARN_UNREACHABLE_CODE = YES;
				CLANG_WARN__DUPLICATE_METHOD_MATCH = YES;
				"CODE_SIGN_IDENTITY[sdk=iphoneos*]" = "iPhone Developer";
				COPY_PHASE_STRIP = NO;
				DEBUG_INFORMATION_FORMAT = dwarf;
				ENABLE_STRICT_OBJC_MSGSEND = YES;
				ENABLE_TESTABILITY = YES;
				GCC_C_LANGUAGE_STANDARD = gnu99;
				GCC_DYNAMIC_NO_PIC = NO;
				GCC_NO_COMMON_BLOCKS = YES;
				GCC_OPTIMIZATION_LEVEL = 0;
				GCC_PREPROCESSOR_DEFINITIONS = (
					"DEBUG=1",
					"$(inherited)",
				);
				GCC_WARN_64_TO_32_BIT_CONVERSION = YES;
				GCC_WARN_ABOUT_RETURN_TYPE = YES_ERROR;
				GCC_WARN_UNDECLARED_SELECTOR = YES;
				GCC_WARN_UNINITIALIZED_AUTOS = YES_AGGRESSIVE;
				GCC_WARN_UNUSED_FUNCTION = YES;
				GCC_WARN_UNUSED_VARIABLE = YES;
				IPHONEOS_DEPLOYMENT_TARGET = 9.3;
				MTL_ENABLE_DEBUG_INFO = YES;
				ONLY_ACTIVE_ARCH = YES;
				SDKROOT = iphoneos;
				SWIFT_ACTIVE_COMPILATION_CONDITIONS = DEBUG;
				SWIFT_OPTIMIZATION_LEVEL = "-Onone";
			};
			name = Debug;
		};
		9117EC161E48F04D0009A3B2 /* Release */ = {
			isa = XCBuildConfiguration;
			buildSettings = {
				ALWAYS_SEARCH_USER_PATHS = NO;
				CLANG_ANALYZER_NONNULL = YES;
				CLANG_CXX_LANGUAGE_STANDARD = "gnu++0x";
				CLANG_CXX_LIBRARY = "libc++";
				CLANG_ENABLE_MODULES = YES;
				CLANG_ENABLE_OBJC_ARC = YES;
				CLANG_WARN_BOOL_CONVERSION = YES;
				CLANG_WARN_CONSTANT_CONVERSION = YES;
				CLANG_WARN_DIRECT_OBJC_ISA_USAGE = YES_ERROR;
				CLANG_WARN_DOCUMENTATION_COMMENTS = YES;
				CLANG_WARN_EMPTY_BODY = YES;
				CLANG_WARN_ENUM_CONVERSION = YES;
				CLANG_WARN_INFINITE_RECURSION = YES;
				CLANG_WARN_INT_CONVERSION = YES;
				CLANG_WARN_OBJC_ROOT_CLASS = YES_ERROR;
				CLANG_WARN_SUSPICIOUS_MOVE = YES;
				CLANG_WARN_UNREACHABLE_CODE = YES;
				CLANG_WARN__DUPLICATE_METHOD_MATCH = YES;
				"CODE_SIGN_IDENTITY[sdk=iphoneos*]" = "iPhone Developer";
				COPY_PHASE_STRIP = NO;
				DEBUG_INFORMATION_FORMAT = "dwarf-with-dsym";
				ENABLE_NS_ASSERTIONS = NO;
				ENABLE_STRICT_OBJC_MSGSEND = YES;
				GCC_C_LANGUAGE_STANDARD = gnu99;
				GCC_NO_COMMON_BLOCKS = YES;
				GCC_WARN_64_TO_32_BIT_CONVERSION = YES;
				GCC_WARN_ABOUT_RETURN_TYPE = YES_ERROR;
				GCC_WARN_UNDECLARED_SELECTOR = YES;
				GCC_WARN_UNINITIALIZED_AUTOS = YES_AGGRESSIVE;
				GCC_WARN_UNUSED_FUNCTION = YES;
				GCC_WARN_UNUSED_VARIABLE = YES;
				IPHONEOS_DEPLOYMENT_TARGET = 9.3;
				MTL_ENABLE_DEBUG_INFO = NO;
				SDKROOT = iphoneos;
				SWIFT_OPTIMIZATION_LEVEL = "-Owholemodule";
				VALIDATE_PRODUCT = YES;
			};
			name = Release;
		};
		9117EC181E48F04D0009A3B2 /* Debug */ = {
			isa = XCBuildConfiguration;
			baseConfigurationReference = 4C7811A298BD8BE78FD2206B /* Pods-Zebra.debug.xcconfig */;
			buildSettings = {
				ALWAYS_EMBED_SWIFT_STANDARD_LIBRARIES = YES;
				ASSETCATALOG_COMPILER_APPICON_NAME = AppIcon;
				DEVELOPMENT_TEAM = 499G2MTD9Y;
				INFOPLIST_FILE = Zebra/Info.plist;
				LD_RUNPATH_SEARCH_PATHS = "$(inherited) @executable_path/Frameworks";
				PRODUCT_BUNDLE_IDENTIFIER = coryjbara.Zebra;
				PRODUCT_NAME = "$(TARGET_NAME)";
				SWIFT_VERSION = 3.0;
				TARGETED_DEVICE_FAMILY = 1;
			};
			name = Debug;
		};
		9117EC191E48F04D0009A3B2 /* Release */ = {
			isa = XCBuildConfiguration;
			baseConfigurationReference = 8B3DF8029B654086ECC82AC1 /* Pods-Zebra.release.xcconfig */;
			buildSettings = {
				ALWAYS_EMBED_SWIFT_STANDARD_LIBRARIES = YES;
				ASSETCATALOG_COMPILER_APPICON_NAME = AppIcon;
				DEVELOPMENT_TEAM = 499G2MTD9Y;
				INFOPLIST_FILE = Zebra/Info.plist;
				LD_RUNPATH_SEARCH_PATHS = "$(inherited) @executable_path/Frameworks";
				PRODUCT_BUNDLE_IDENTIFIER = coryjbara.Zebra;
				PRODUCT_NAME = "$(TARGET_NAME)";
				SWIFT_VERSION = 3.0;
				TARGETED_DEVICE_FAMILY = 1;
			};
			name = Release;
		};
/* End XCBuildConfiguration section */

/* Begin XCConfigurationList section */
		9117EC001E48F04C0009A3B2 /* Build configuration list for PBXProject "Zebra" */ = {
			isa = XCConfigurationList;
			buildConfigurations = (
				9117EC151E48F04D0009A3B2 /* Debug */,
				9117EC161E48F04D0009A3B2 /* Release */,
			);
			defaultConfigurationIsVisible = 0;
			defaultConfigurationName = Release;
		};
		9117EC171E48F04D0009A3B2 /* Build configuration list for PBXNativeTarget "Zebra" */ = {
			isa = XCConfigurationList;
			buildConfigurations = (
				9117EC181E48F04D0009A3B2 /* Debug */,
				9117EC191E48F04D0009A3B2 /* Release */,
			);
			defaultConfigurationIsVisible = 0;
			defaultConfigurationName = Release;
		};
/* End XCConfigurationList section */
	};
	rootObject = 9117EBFD1E48F04C0009A3B2 /* Project object */;
}
